// !$*UTF8*$!
{
	archiveVersion = 1;
	classes = {
	};
	objectVersion = 55;
	objects = {

/* Begin PBXBuildFile section */
		DDA368C028F4B8C50080B09F /* CameraViewController.swift in Sources */ = {isa = PBXBuildFile; fileRef = DDA368BF28F4B8C50080B09F /* CameraViewController.swift */; };
		DDA368C228F4EDED0080B09F /* PostCell.swift in Sources */ = {isa = PBXBuildFile; fileRef = DDA368C128F4EDED0080B09F /* PostCell.swift */; };
		DDA368C428FF128A0080B09F /* CommentCell.swift in Sources */ = {isa = PBXBuildFile; fileRef = DDA368C328FF128A0080B09F /* CommentCell.swift */; };
		DDD547D228F471AA0078D1C2 /* AppDelegate.swift in Sources */ = {isa = PBXBuildFile; fileRef = DDD547D128F471AA0078D1C2 /* AppDelegate.swift */; };
		DDD547D428F471AA0078D1C2 /* SceneDelegate.swift in Sources */ = {isa = PBXBuildFile; fileRef = DDD547D328F471AA0078D1C2 /* SceneDelegate.swift */; };
		DDD547D928F471AA0078D1C2 /* Main.storyboard in Resources */ = {isa = PBXBuildFile; fileRef = DDD547D728F471AA0078D1C2 /* Main.storyboard */; };
		DDD547DB28F471AB0078D1C2 /* Assets.xcassets in Resources */ = {isa = PBXBuildFile; fileRef = DDD547DA28F471AB0078D1C2 /* Assets.xcassets */; };
		DDD547DE28F471AB0078D1C2 /* LaunchScreen.storyboard in Resources */ = {isa = PBXBuildFile; fileRef = DDD547DC28F471AB0078D1C2 /* LaunchScreen.storyboard */; };
		DDD547E628F489300078D1C2 /* LoginViewController.swift in Sources */ = {isa = PBXBuildFile; fileRef = DDD547E528F489300078D1C2 /* LoginViewController.swift */; };
		DDD547E828F489530078D1C2 /* FeedViewController.swift in Sources */ = {isa = PBXBuildFile; fileRef = DDD547E728F489530078D1C2 /* FeedViewController.swift */; };
		F1F206376FC47BBC17A457E3 /* Pods_instagram_a.framework in Frameworks */ = {isa = PBXBuildFile; fileRef = 529BDE61C810FEDAF0D22A16 /* Pods_instagram_a.framework */; };
/* End PBXBuildFile section */

/* Begin PBXFileReference section */
		529BDE61C810FEDAF0D22A16 /* Pods_instagram_a.framework */ = {isa = PBXFileReference; explicitFileType = wrapper.framework; includeInIndex = 0; path = Pods_instagram_a.framework; sourceTree = BUILT_PRODUCTS_DIR; };
		BE47D7670882DF596752086B /* Pods-instagram_a.release.xcconfig */ = {isa = PBXFileReference; includeInIndex = 1; lastKnownFileType = text.xcconfig; name = "Pods-instagram_a.release.xcconfig"; path = "Target Support Files/Pods-instagram_a/Pods-instagram_a.release.xcconfig"; sourceTree = "<group>"; };
		DDA368BF28F4B8C50080B09F /* CameraViewController.swift */ = {isa = PBXFileReference; lastKnownFileType = sourcecode.swift; path = CameraViewController.swift; sourceTree = "<group>"; };
		DDA368C128F4EDED0080B09F /* PostCell.swift */ = {isa = PBXFileReference; lastKnownFileType = sourcecode.swift; path = PostCell.swift; sourceTree = "<group>"; };
		DDA368C328FF128A0080B09F /* CommentCell.swift */ = {isa = PBXFileReference; lastKnownFileType = sourcecode.swift; path = CommentCell.swift; sourceTree = "<group>"; };
		DDD547CE28F471AA0078D1C2 /* instagram_a.app */ = {isa = PBXFileReference; explicitFileType = wrapper.application; includeInIndex = 0; path = instagram_a.app; sourceTree = BUILT_PRODUCTS_DIR; };
		DDD547D128F471AA0078D1C2 /* AppDelegate.swift */ = {isa = PBXFileReference; lastKnownFileType = sourcecode.swift; path = AppDelegate.swift; sourceTree = "<group>"; };
		DDD547D328F471AA0078D1C2 /* SceneDelegate.swift */ = {isa = PBXFileReference; lastKnownFileType = sourcecode.swift; path = SceneDelegate.swift; sourceTree = "<group>"; };
		DDD547D828F471AA0078D1C2 /* Base */ = {isa = PBXFileReference; lastKnownFileType = file.storyboard; name = Base; path = Base.lproj/Main.storyboard; sourceTree = "<group>"; };
		DDD547DA28F471AB0078D1C2 /* Assets.xcassets */ = {isa = PBXFileReference; lastKnownFileType = folder.assetcatalog; path = Assets.xcassets; sourceTree = "<group>"; };
		DDD547DD28F471AB0078D1C2 /* Base */ = {isa = PBXFileReference; lastKnownFileType = file.storyboard; name = Base; path = Base.lproj/LaunchScreen.storyboard; sourceTree = "<group>"; };
		DDD547DF28F471AB0078D1C2 /* Info.plist */ = {isa = PBXFileReference; lastKnownFileType = text.plist.xml; path = Info.plist; sourceTree = "<group>"; };
		DDD547E528F489300078D1C2 /* LoginViewController.swift */ = {isa = PBXFileReference; lastKnownFileType = sourcecode.swift; path = LoginViewController.swift; sourceTree = "<group>"; };
		DDD547E728F489530078D1C2 /* FeedViewController.swift */ = {isa = PBXFileReference; lastKnownFileType = sourcecode.swift; path = FeedViewController.swift; sourceTree = "<group>"; };
		FAEF6749E320B23191D07AB9 /* Pods-instagram_a.debug.xcconfig */ = {isa = PBXFileReference; includeInIndex = 1; lastKnownFileType = text.xcconfig; name = "Pods-instagram_a.debug.xcconfig"; path = "Target Support Files/Pods-instagram_a/Pods-instagram_a.debug.xcconfig"; sourceTree = "<group>"; };
/* End PBXFileReference section */

/* Begin PBXFrameworksBuildPhase section */
		DDD547CB28F471AA0078D1C2 /* Frameworks */ = {
			isa = PBXFrameworksBuildPhase;
			buildActionMask = 2147483647;
			files = (
				F1F206376FC47BBC17A457E3 /* Pods_instagram_a.framework in Frameworks */,
			);
			runOnlyForDeploymentPostprocessing = 0;
		};
/* End PBXFrameworksBuildPhase section */

/* Begin PBXGroup section */
		7B23566D472ADDB122B20C6B /* Pods */ = {
			isa = PBXGroup;
			children = (
				FAEF6749E320B23191D07AB9 /* Pods-instagram_a.debug.xcconfig */,
				BE47D7670882DF596752086B /* Pods-instagram_a.release.xcconfig */,
			);
			path = Pods;
			sourceTree = "<group>";
		};
		BF580702304593DC2457970C /* Frameworks */ = {
			isa = PBXGroup;
			children = (
				529BDE61C810FEDAF0D22A16 /* Pods_instagram_a.framework */,
			);
			name = Frameworks;
			sourceTree = "<group>";
		};
		DDD547C528F471AA0078D1C2 = {
			isa = PBXGroup;
			children = (
				DDD547D028F471AA0078D1C2 /* instagram_a */,
				DDD547CF28F471AA0078D1C2 /* Products */,
				7B23566D472ADDB122B20C6B /* Pods */,
				BF580702304593DC2457970C /* Frameworks */,
			);
			sourceTree = "<group>";
		};
		DDD547CF28F471AA0078D1C2 /* Products */ = {
			isa = PBXGroup;
			children = (
				DDD547CE28F471AA0078D1C2 /* instagram_a.app */,
			);
			name = Products;
			sourceTree = "<group>";
		};
		DDD547D028F471AA0078D1C2 /* instagram_a */ = {
			isa = PBXGroup;
			children = (
				DDD547D128F471AA0078D1C2 /* AppDelegate.swift */,
				DDD547D328F471AA0078D1C2 /* SceneDelegate.swift */,
				DDD547D728F471AA0078D1C2 /* Main.storyboard */,
				DDD547DA28F471AB0078D1C2 /* Assets.xcassets */,
				DDD547DC28F471AB0078D1C2 /* LaunchScreen.storyboard */,
				DDD547DF28F471AB0078D1C2 /* Info.plist */,
				DDD547E528F489300078D1C2 /* LoginViewController.swift */,
				DDD547E728F489530078D1C2 /* FeedViewController.swift */,
				DDA368BF28F4B8C50080B09F /* CameraViewController.swift */,
				DDA368C128F4EDED0080B09F /* PostCell.swift */,
				DDA368C328FF128A0080B09F /* CommentCell.swift */,
			);
			path = instagram_a;
			sourceTree = "<group>";
		};
/* End PBXGroup section */

/* Begin PBXNativeTarget section */
		DDD547CD28F471AA0078D1C2 /* instagram_a */ = {
			isa = PBXNativeTarget;
			buildConfigurationList = DDD547E228F471AB0078D1C2 /* Build configuration list for PBXNativeTarget "instagram_a" */;
			buildPhases = (
				F825FA6B720FD097C1793E92 /* [CP] Check Pods Manifest.lock */,
				DDD547CA28F471AA0078D1C2 /* Sources */,
				DDD547CB28F471AA0078D1C2 /* Frameworks */,
				DDD547CC28F471AA0078D1C2 /* Resources */,
				3F836EE4934826526133A902 /* [CP] Embed Pods Frameworks */,
			);
			buildRules = (
			);
			dependencies = (
			);
			name = instagram_a;
			productName = instagram_a;
			productReference = DDD547CE28F471AA0078D1C2 /* instagram_a.app */;
			productType = "com.apple.product-type.application";
		};
/* End PBXNativeTarget section */

/* Begin PBXProject section */
		DDD547C628F471AA0078D1C2 /* Project object */ = {
			isa = PBXProject;
			attributes = {
				BuildIndependentTargetsInParallel = 1;
				LastSwiftUpdateCheck = 1340;
				LastUpgradeCheck = 1340;
				TargetAttributes = {
					DDD547CD28F471AA0078D1C2 = {
						CreatedOnToolsVersion = 13.4.1;
					};
				};
			};
			buildConfigurationList = DDD547C928F471AA0078D1C2 /* Build configuration list for PBXProject "instagram_a" */;
			compatibilityVersion = "Xcode 13.0";
			developmentRegion = en;
			hasScannedForEncodings = 0;
			knownRegions = (
				en,
				Base,
			);
			mainGroup = DDD547C528F471AA0078D1C2;
			productRefGroup = DDD547CF28F471AA0078D1C2 /* Products */;
			projectDirPath = "";
			projectRoot = "";
			targets = (
				DDD547CD28F471AA0078D1C2 /* instagram_a */,
			);
		};
/* End PBXProject section */

/* Begin PBXResourcesBuildPhase section */
		DDD547CC28F471AA0078D1C2 /* Resources */ = {
			isa = PBXResourcesBuildPhase;
			buildActionMask = 2147483647;
			files = (
				DDD547DE28F471AB0078D1C2 /* LaunchScreen.storyboard in Resources */,
				DDD547DB28F471AB0078D1C2 /* Assets.xcassets in Resources */,
				DDD547D928F471AA0078D1C2 /* Main.storyboard in Resources */,
			);
			runOnlyForDeploymentPostprocessing = 0;
		};
/* End PBXResourcesBuildPhase section */

/* Begin PBXShellScriptBuildPhase section */
		3F836EE4934826526133A902 /* [CP] Embed Pods Frameworks */ = {
			isa = PBXShellScriptBuildPhase;
			buildActionMask = 2147483647;
			files = (
			);
			inputFileListPaths = (
				"${PODS_ROOT}/Target Support Files/Pods-instagram_a/Pods-instagram_a-frameworks-${CONFIGURATION}-input-files.xcfilelist",
			);
			name = "[CP] Embed Pods Frameworks";
			outputFileListPaths = (
				"${PODS_ROOT}/Target Support Files/Pods-instagram_a/Pods-instagram_a-frameworks-${CONFIGURATION}-output-files.xcfilelist",
			);
			runOnlyForDeploymentPostprocessing = 0;
			shellPath = /bin/sh;
			shellScript = "\"${PODS_ROOT}/Target Support Files/Pods-instagram_a/Pods-instagram_a-frameworks.sh\"\n";
			showEnvVarsInLog = 0;
		};
		F825FA6B720FD097C1793E92 /* [CP] Check Pods Manifest.lock */ = {
			isa = PBXShellScriptBuildPhase;
			buildActionMask = 2147483647;
			files = (
			);
			inputFileListPaths = (
			);
			inputPaths = (
				"${PODS_PODFILE_DIR_PATH}/Podfile.lock",
				"${PODS_ROOT}/Manifest.lock",
			);
			name = "[CP] Check Pods Manifest.lock";
			outputFileListPaths = (
			);
			outputPaths = (
				"$(DERIVED_FILE_DIR)/Pods-instagram_a-checkManifestLockResult.txt",
			);
			runOnlyForDeploymentPostprocessing = 0;
			shellPath = /bin/sh;
			shellScript = "diff \"${PODS_PODFILE_DIR_PATH}/Podfile.lock\" \"${PODS_ROOT}/Manifest.lock\" > /dev/null\nif [ $? != 0 ] ; then\n    # print error to STDERR\n    echo \"error: The sandbox is not in sync with the Podfile.lock. Run 'pod install' or update your CocoaPods installation.\" >&2\n    exit 1\nfi\n# This output is used by Xcode 'outputs' to avoid re-running this script phase.\necho \"SUCCESS\" > \"${SCRIPT_OUTPUT_FILE_0}\"\n";
			showEnvVarsInLog = 0;
		};
/* End PBXShellScriptBuildPhase section */

/* Begin PBXSourcesBuildPhase section */
		DDD547CA28F471AA0078D1C2 /* Sources */ = {
			isa = PBXSourcesBuildPhase;
			buildActionMask = 2147483647;
			files = (
				DDD547E628F489300078D1C2 /* LoginViewController.swift in Sources */,
				DDA368C028F4B8C50080B09F /* CameraViewController.swift in Sources */,
				DDD547D228F471AA0078D1C2 /* AppDelegate.swift in Sources */,
				DDD547E828F489530078D1C2 /* FeedViewController.swift in Sources */,
				DDD547D428F471AA0078D1C2 /* SceneDelegate.swift in Sources */,
				DDA368C228F4EDED0080B09F /* PostCell.swift in Sources */,
				DDA368C428FF128A0080B09F /* CommentCell.swift in Sources */,
			);
			runOnlyForDeploymentPostprocessing = 0;
		};
/* End PBXSourcesBuildPhase section */

/* Begin PBXVariantGroup section */
		DDD547D728F471AA0078D1C2 /* Main.storyboard */ = {
			isa = PBXVariantGroup;
			children = (
				DDD547D828F471AA0078D1C2 /* Base */,
			);
			name = Main.storyboard;
			sourceTree = "<group>";
		};
		DDD547DC28F471AB0078D1C2 /* LaunchScreen.storyboard */ = {
			isa = PBXVariantGroup;
			children = (
				DDD547DD28F471AB0078D1C2 /* Base */,
			);
			name = LaunchScreen.storyboard;
			sourceTree = "<group>";
		};
/* End PBXVariantGroup section */

/* Begin XCBuildConfiguration section */
		DDD547E028F471AB0078D1C2 /* Debug */ = {
			isa = XCBuildConfiguration;
			buildSettings = {
				ALWAYS_SEARCH_USER_PATHS = NO;
				CLANG_ANALYZER_NONNULL = YES;
				CLANG_ANALYZER_NUMBER_OBJECT_CONVERSION = YES_AGGRESSIVE;
				CLANG_CXX_LANGUAGE_STANDARD = "gnu++17";
				CLANG_ENABLE_MODULES = YES;
				CLANG_ENABLE_OBJC_ARC = YES;
				CLANG_ENABLE_OBJC_WEAK = YES;
				CLANG_WARN_BLOCK_CAPTURE_AUTORELEASING = YES;
				CLANG_WARN_BOOL_CONVERSION = YES;
				CLANG_WARN_COMMA = YES;
				CLANG_WARN_CONSTANT_CONVERSION = YES;
				CLANG_WARN_DEPRECATED_OBJC_IMPLEMENTATIONS = YES;
				CLANG_WARN_DIRECT_OBJC_ISA_USAGE = YES_ERROR;
				CLANG_WARN_DOCUMENTATION_COMMENTS = YES;
				CLANG_WARN_EMPTY_BODY = YES;
				CLANG_WARN_ENUM_CONVERSION = YES;
				CLANG_WARN_INFINITE_RECURSION = YES;
				CLANG_WARN_INT_CONVERSION = YES;
				CLANG_WARN_NON_LITERAL_NULL_CONVERSION = YES;
				CLANG_WARN_OBJC_IMPLICIT_RETAIN_SELF = YES;
				CLANG_WARN_OBJC_LITERAL_CONVERSION = YES;
				CLANG_WARN_OBJC_ROOT_CLASS = YES_ERROR;
				CLANG_WARN_QUOTED_INCLUDE_IN_FRAMEWORK_HEADER = YES;
				CLANG_WARN_RANGE_LOOP_ANALYSIS = YES;
				CLANG_WARN_STRICT_PROTOTYPES = YES;
				CLANG_WARN_SUSPICIOUS_MOVE = YES;
				CLANG_WARN_UNGUARDED_AVAILABILITY = YES_AGGRESSIVE;
				CLANG_WARN_UNREACHABLE_CODE = YES;
				CLANG_WARN__DUPLICATE_METHOD_MATCH = YES;
				COPY_PHASE_STRIP = NO;
				DEBUG_INFORMATION_FORMAT = dwarf;
				ENABLE_STRICT_OBJC_MSGSEND = YES;
				ENABLE_TESTABILITY = YES;
				GCC_C_LANGUAGE_STANDARD = gnu11;
				GCC_DYNAMIC_NO_PIC = NO;
				GCC_NO_COMMON_BLOCKS = YES;
				GCC_OPTIMIZATION_LEVEL = 0;
				GCC_PREPROCESSOR_DEFINITIONS = (
					"DEBUG=1",
					"$(inherited)",
				);
				GCC_WARN_64_TO_32_BIT_CONVERSION = YES;
				GCC_WARN_ABOUT_RETURN_TYPE = YES_ERROR;
				GCC_WARN_UNDECLARED_SELECTOR = YES;
				GCC_WARN_UNINITIALIZED_AUTOS = YES_AGGRESSIVE;
				GCC_WARN_UNUSED_FUNCTION = YES;
				GCC_WARN_UNUSED_VARIABLE = YES;
				IPHONEOS_DEPLOYMENT_TARGET = 15.5;
				MTL_ENABLE_DEBUG_INFO = INCLUDE_SOURCE;
				MTL_FAST_MATH = YES;
				ONLY_ACTIVE_ARCH = YES;
				SDKROOT = iphoneos;
				SWIFT_ACTIVE_COMPILATION_CONDITIONS = DEBUG;
				SWIFT_OPTIMIZATION_LEVEL = "-Onone";
			};
			name = Debug;
		};
		DDD547E128F471AB0078D1C2 /* Release */ = {
			isa = XCBuildConfiguration;
			buildSettings = {
				ALWAYS_SEARCH_USER_PATHS = NO;
				CLANG_ANALYZER_NONNULL = YES;
				CLANG_ANALYZER_NUMBER_OBJECT_CONVERSION = YES_AGGRESSIVE;
				CLANG_CXX_LANGUAGE_STANDARD = "gnu++17";
				CLANG_ENABLE_MODULES = YES;
				CLANG_ENABLE_OBJC_ARC = YES;
				CLANG_ENABLE_OBJC_WEAK = YES;
				CLANG_WARN_BLOCK_CAPTURE_AUTORELEASING = YES;
				CLANG_WARN_BOOL_CONVERSION = YES;
				CLANG_WARN_COMMA = YES;
				CLANG_WARN_CONSTANT_CONVERSION = YES;
				CLANG_WARN_DEPRECATED_OBJC_IMPLEMENTATIONS = YES;
				CLANG_WARN_DIRECT_OBJC_ISA_USAGE = YES_ERROR;
				CLANG_WARN_DOCUMENTATION_COMMENTS = YES;
				CLANG_WARN_EMPTY_BODY = YES;
				CLANG_WARN_ENUM_CONVERSION = YES;
				CLANG_WARN_INFINITE_RECURSION = YES;
				CLANG_WARN_INT_CONVERSION = YES;
				CLANG_WARN_NON_LITERAL_NULL_CONVERSION = YES;
				CLANG_WARN_OBJC_IMPLICIT_RETAIN_SELF = YES;
				CLANG_WARN_OBJC_LITERAL_CONVERSION = YES;
				CLANG_WARN_OBJC_ROOT_CLASS = YES_ERROR;
				CLANG_WARN_QUOTED_INCLUDE_IN_FRAMEWORK_HEADER = YES;
				CLANG_WARN_RANGE_LOOP_ANALYSIS = YES;
				CLANG_WARN_STRICT_PROTOTYPES = YES;
				CLANG_WARN_SUSPICIOUS_MOVE = YES;
				CLANG_WARN_UNGUARDED_AVAILABILITY = YES_AGGRESSIVE;
				CLANG_WARN_UNREACHABLE_CODE = YES;
				CLANG_WARN__DUPLICATE_METHOD_MATCH = YES;
				COPY_PHASE_STRIP = NO;
				DEBUG_INFORMATION_FORMAT = "dwarf-with-dsym";
				ENABLE_NS_ASSERTIONS = NO;
				ENABLE_STRICT_OBJC_MSGSEND = YES;
				GCC_C_LANGUAGE_STANDARD = gnu11;
				GCC_NO_COMMON_BLOCKS = YES;
				GCC_WARN_64_TO_32_BIT_CONVERSION = YES;
				GCC_WARN_ABOUT_RETURN_TYPE = YES_ERROR;
				GCC_WARN_UNDECLARED_SELECTOR = YES;
				GCC_WARN_UNINITIALIZED_AUTOS = YES_AGGRESSIVE;
				GCC_WARN_UNUSED_FUNCTION = YES;
				GCC_WARN_UNUSED_VARIABLE = YES;
				IPHONEOS_DEPLOYMENT_TARGET = 15.5;
				MTL_ENABLE_DEBUG_INFO = NO;
				MTL_FAST_MATH = YES;
				SDKROOT = iphoneos;
				SWIFT_COMPILATION_MODE = wholemodule;
				SWIFT_OPTIMIZATION_LEVEL = "-O";
				VALIDATE_PRODUCT = YES;
			};
			name = Release;
		};
		DDD547E328F471AB0078D1C2 /* Debug */ = {
			isa = XCBuildConfiguration;
			baseConfigurationReference = FAEF6749E320B23191D07AB9 /* Pods-instagram_a.debug.xcconfig */;
			buildSettings = {
				ASSETCATALOG_COMPILER_APPICON_NAME = AppIcon;
				ASSETCATALOG_COMPILER_GLOBAL_ACCENT_COLOR_NAME = AccentColor;
				CODE_SIGN_STYLE = Automatic;
				CURRENT_PROJECT_VERSION = 1;
				GENERATE_INFOPLIST_FILE = YES;
				INFOPLIST_FILE = instagram_a/Info.plist;
				INFOPLIST_KEY_UIApplicationSupportsIndirectInputEvents = YES;
				INFOPLIST_KEY_UILaunchStoryboardName = LaunchScreen;
				INFOPLIST_KEY_UIMainStoryboardFile = Main;
				INFOPLIST_KEY_UISupportedInterfaceOrientations_iPad = "UIInterfaceOrientationPortrait UIInterfaceOrientationPortraitUpsideDown UIInterfaceOrientationLandscapeLeft UIInterfaceOrientationLandscapeRight";
				INFOPLIST_KEY_UISupportedInterfaceOrientations_iPhone = "UIInterfaceOrientationPortrait UIInterfaceOrientationLandscapeLeft UIInterfaceOrientationLandscapeRight";
				LD_RUNPATH_SEARCH_PATHS = (
					"$(inherited)",
					"@executable_path/Frameworks",
				);
				MARKETING_VERSION = 1.0;
				PRODUCT_BUNDLE_IDENTIFIER = "muhammad.instagram-a";
				PRODUCT_NAME = "$(TARGET_NAME)";
				SWIFT_EMIT_LOC_STRINGS = YES;
				SWIFT_VERSION = 5.0;
				TARGETED_DEVICE_FAMILY = "1,2";
			};
			name = Debug;
		};
		DDD547E428F471AB0078D1C2 /* Release */ = {
			isa = XCBuildConfiguration;
			baseConfigurationReference = BE47D7670882DF596752086B /* Pods-instagram_a.release.xcconfig */;
			buildSettings = {
				ASSETCATALOG_COMPILER_APPICON_NAME = AppIcon;
				ASSETCATALOG_COMPILER_GLOBAL_ACCENT_COLOR_NAME = AccentColor;
				CODE_SIGN_STYLE = Automatic;
				CURRENT_PROJECT_VERSION = 1;
				GENERATE_INFOPLIST_FILE = YES;
				INFOPLIST_FILE = instagram_a/Info.plist;
				INFOPLIST_KEY_UIApplicationSupportsIndirectInputEvents = YES;
				INFOPLIST_KEY_UILaunchStoryboardName = LaunchScreen;
				INFOPLIST_KEY_UIMainStoryboardFile = Main;
				INFOPLIST_KEY_UISupportedInterfaceOrientations_iPad = "UIInterfaceOrientationPortrait UIInterfaceOrientationPortraitUpsideDown UIInterfaceOrientationLandscapeLeft UIInterfaceOrientationLandscapeRight";
				INFOPLIST_KEY_UISupportedInterfaceOrientations_iPhone = "UIInterfaceOrientationPortrait UIInterfaceOrientationLandscapeLeft UIInterfaceOrientationLandscapeRight";
				LD_RUNPATH_SEARCH_PATHS = (
					"$(inherited)",
					"@executable_path/Frameworks",
				);
				MARKETING_VERSION = 1.0;
				PRODUCT_BUNDLE_IDENTIFIER = "muhammad.instagram-a";
				PRODUCT_NAME = "$(TARGET_NAME)";
				SWIFT_EMIT_LOC_STRINGS = YES;
				SWIFT_VERSION = 5.0;
				TARGETED_DEVICE_FAMILY = "1,2";
			};
			name = Release;
		};
/* End XCBuildConfiguration section */

/* Begin XCConfigurationList section */
		DDD547C928F471AA0078D1C2 /* Build configuration list for PBXProject "instagram_a" */ = {
			isa = XCConfigurationList;
			buildConfigurations = (
				DDD547E028F471AB0078D1C2 /* Debug */,
				DDD547E128F471AB0078D1C2 /* Release */,
			);
			defaultConfigurationIsVisible = 0;
			defaultConfigurationName = Release;
		};
		DDD547E228F471AB0078D1C2 /* Build configuration list for PBXNativeTarget "instagram_a" */ = {
			isa = XCConfigurationList;
			buildConfigurations = (
				DDD547E328F471AB0078D1C2 /* Debug */,
				DDD547E428F471AB0078D1C2 /* Release */,
			);
			defaultConfigurationIsVisible = 0;
			defaultConfigurationName = Release;
		};
/* End XCConfigurationList section */
	};
	rootObject = DDD547C628F471AA0078D1C2 /* Project object */;
}
